// !$*UTF8*$!
{
	archiveVersion = 1;
	classes = {
	};
	objectVersion = 46;
	objects = {

/* Begin PBXBuildFile section */
		3F95717E1F0508D500C80AE3 /* AppDelegate.swift in Sources */ = {isa = PBXBuildFile; fileRef = 3F95717D1F0508D500C80AE3 /* AppDelegate.swift */; };
		3F9571801F0508D500C80AE3 /* ViewController.swift in Sources */ = {isa = PBXBuildFile; fileRef = 3F95717F1F0508D500C80AE3 /* ViewController.swift */; };
		3F9571831F0508D500C80AE3 /* Main.storyboard in Resources */ = {isa = PBXBuildFile; fileRef = 3F9571811F0508D500C80AE3 /* Main.storyboard */; };
		3F9571851F0508D600C80AE3 /* Assets.xcassets in Resources */ = {isa = PBXBuildFile; fileRef = 3F9571841F0508D600C80AE3 /* Assets.xcassets */; };
		3F9571881F0508D600C80AE3 /* LaunchScreen.storyboard in Resources */ = {isa = PBXBuildFile; fileRef = 3F9571861F0508D600C80AE3 /* LaunchScreen.storyboard */; };
		3F9571911F0508E000C80AE3 /* CTBottomSlideController.swift in Sources */ = {isa = PBXBuildFile; fileRef = 3F95718F1F0508E000C80AE3 /* CTBottomSlideController.swift */; };
		3F9571921F0508E000C80AE3 /* CTBottomSlideTableDelegate.swift in Sources */ = {isa = PBXBuildFile; fileRef = 3F9571901F0508E000C80AE3 /* CTBottomSlideTableDelegate.swift */; };
		3F9571941F050AAB00C80AE3 /* CTPanGestureRecognizerExtension.swift in Sources */ = {isa = PBXBuildFile; fileRef = 3F9571931F050AAB00C80AE3 /* CTPanGestureRecognizerExtension.swift */; };
/* End PBXBuildFile section */

/* Begin PBXFileReference section */
		3F95717A1F0508D500C80AE3 /* CTBottomSlideController.app */ = {isa = PBXFileReference; explicitFileType = wrapper.application; includeInIndex = 0; path = CTBottomSlideController.app; sourceTree = BUILT_PRODUCTS_DIR; };
		3F95717D1F0508D500C80AE3 /* AppDelegate.swift */ = {isa = PBXFileReference; lastKnownFileType = sourcecode.swift; path = AppDelegate.swift; sourceTree = "<group>"; };
		3F95717F1F0508D500C80AE3 /* ViewController.swift */ = {isa = PBXFileReference; lastKnownFileType = sourcecode.swift; path = ViewController.swift; sourceTree = "<group>"; };
		3F9571821F0508D500C80AE3 /* Base */ = {isa = PBXFileReference; lastKnownFileType = file.storyboard; name = Base; path = Base.lproj/Main.storyboard; sourceTree = "<group>"; };
		3F9571841F0508D600C80AE3 /* Assets.xcassets */ = {isa = PBXFileReference; lastKnownFileType = folder.assetcatalog; path = Assets.xcassets; sourceTree = "<group>"; };
		3F9571871F0508D600C80AE3 /* Base */ = {isa = PBXFileReference; lastKnownFileType = file.storyboard; name = Base; path = Base.lproj/LaunchScreen.storyboard; sourceTree = "<group>"; };
		3F9571891F0508D600C80AE3 /* Info.plist */ = {isa = PBXFileReference; lastKnownFileType = text.plist.xml; path = Info.plist; sourceTree = "<group>"; };
		3F95718F1F0508E000C80AE3 /* CTBottomSlideController.swift */ = {isa = PBXFileReference; fileEncoding = 4; lastKnownFileType = sourcecode.swift; path = CTBottomSlideController.swift; sourceTree = "<group>"; };
		3F9571901F0508E000C80AE3 /* CTBottomSlideTableDelegate.swift */ = {isa = PBXFileReference; fileEncoding = 4; lastKnownFileType = sourcecode.swift; path = CTBottomSlideTableDelegate.swift; sourceTree = "<group>"; };
		3F9571931F050AAB00C80AE3 /* CTPanGestureRecognizerExtension.swift */ = {isa = PBXFileReference; fileEncoding = 4; lastKnownFileType = sourcecode.swift; path = CTPanGestureRecognizerExtension.swift; sourceTree = "<group>"; };
/* End PBXFileReference section */

/* Begin PBXFrameworksBuildPhase section */
		3F9571771F0508D500C80AE3 /* Frameworks */ = {
			isa = PBXFrameworksBuildPhase;
			buildActionMask = 2147483647;
			files = (
			);
			runOnlyForDeploymentPostprocessing = 0;
		};
/* End PBXFrameworksBuildPhase section */

/* Begin PBXGroup section */
		3F9571711F0508D500C80AE3 = {
			isa = PBXGroup;
			children = (
				3F95717C1F0508D500C80AE3 /* CTBottomSlideController */,
				3F95717B1F0508D500C80AE3 /* Products */,
			);
			sourceTree = "<group>";
		};
		3F95717B1F0508D500C80AE3 /* Products */ = {
			isa = PBXGroup;
			children = (
				3F95717A1F0508D500C80AE3 /* CTBottomSlideController.app */,
			);
			name = Products;
			sourceTree = "<group>";
		};
		3F95717C1F0508D500C80AE3 /* CTBottomSlideController */ = {
			isa = PBXGroup;
			children = (
				3F95717D1F0508D500C80AE3 /* AppDelegate.swift */,
				3F95717F1F0508D500C80AE3 /* ViewController.swift */,
				3F9571931F050AAB00C80AE3 /* CTPanGestureRecognizerExtension.swift */,
				3F95718F1F0508E000C80AE3 /* CTBottomSlideController.swift */,
				3F9571901F0508E000C80AE3 /* CTBottomSlideTableDelegate.swift */,
				3F9571811F0508D500C80AE3 /* Main.storyboard */,
				3F9571841F0508D600C80AE3 /* Assets.xcassets */,
				3F9571861F0508D600C80AE3 /* LaunchScreen.storyboard */,
				3F9571891F0508D600C80AE3 /* Info.plist */,
			);
			path = CTBottomSlideController;
			sourceTree = "<group>";
		};
/* End PBXGroup section */

/* Begin PBXNativeTarget section */
		3F9571791F0508D500C80AE3 /* CTBottomSlideController */ = {
			isa = PBXNativeTarget;
			buildConfigurationList = 3F95718C1F0508D600C80AE3 /* Build configuration list for PBXNativeTarget "CTBottomSlideController" */;
			buildPhases = (
				3F9571761F0508D500C80AE3 /* Sources */,
				3F9571771F0508D500C80AE3 /* Frameworks */,
				3F9571781F0508D500C80AE3 /* Resources */,
			);
			buildRules = (
			);
			dependencies = (
			);
			name = CTBottomSlideController;
			productName = CTBottomSlideController;
			productReference = 3F95717A1F0508D500C80AE3 /* CTBottomSlideController.app */;
			productType = "com.apple.product-type.application";
		};
/* End PBXNativeTarget section */

/* Begin PBXProject section */
		3F9571721F0508D500C80AE3 /* Project object */ = {
			isa = PBXProject;
			attributes = {
				LastSwiftUpdateCheck = 0830;
				LastUpgradeCheck = 0830;
				ORGANIZATIONNAME = "Casatrade Ltd";
				TargetAttributes = {
					3F9571791F0508D500C80AE3 = {
						CreatedOnToolsVersion = 8.3.3;
						DevelopmentTeam = 3BB2NFHQGB;
						ProvisioningStyle = Automatic;
					};
				};
			};
			buildConfigurationList = 3F9571751F0508D500C80AE3 /* Build configuration list for PBXProject "CTBottomSlideController" */;
			compatibilityVersion = "Xcode 3.2";
			developmentRegion = English;
			hasScannedForEncodings = 0;
			knownRegions = (
				en,
				Base,
			);
			mainGroup = 3F9571711F0508D500C80AE3;
			productRefGroup = 3F95717B1F0508D500C80AE3 /* Products */;
			projectDirPath = "";
			projectRoot = "";
			targets = (
				3F9571791F0508D500C80AE3 /* CTBottomSlideController */,
			);
		};
/* End PBXProject section */

/* Begin PBXResourcesBuildPhase section */
		3F9571781F0508D500C80AE3 /* Resources */ = {
			isa = PBXResourcesBuildPhase;
			buildActionMask = 2147483647;
			files = (
				3F9571881F0508D600C80AE3 /* LaunchScreen.storyboard in Resources */,
				3F9571851F0508D600C80AE3 /* Assets.xcassets in Resources */,
				3F9571831F0508D500C80AE3 /* Main.storyboard in Resources */,
			);
			runOnlyForDeploymentPostprocessing = 0;
		};
/* End PBXResourcesBuildPhase section */

/* Begin PBXSourcesBuildPhase section */
		3F9571761F0508D500C80AE3 /* Sources */ = {
			isa = PBXSourcesBuildPhase;
			buildActionMask = 2147483647;
			files = (
				3F9571941F050AAB00C80AE3 /* CTPanGestureRecognizerExtension.swift in Sources */,
				3F9571911F0508E000C80AE3 /* CTBottomSlideController.swift in Sources */,
				3F9571801F0508D500C80AE3 /* ViewController.swift in Sources */,
				3F9571921F0508E000C80AE3 /* CTBottomSlideTableDelegate.swift in Sources */,
				3F95717E1F0508D500C80AE3 /* AppDelegate.swift in Sources */,
			);
			runOnlyForDeploymentPostprocessing = 0;
		};
/* End PBXSourcesBuildPhase section */

/* Begin PBXVariantGroup section */
		3F9571811F0508D500C80AE3 /* Main.storyboard */ = {
			isa = PBXVariantGroup;
			children = (
				3F9571821F0508D500C80AE3 /* Base */,
			);
			name = Main.storyboard;
			sourceTree = "<group>";
		};
		3F9571861F0508D600C80AE3 /* LaunchScreen.storyboard */ = {
			isa = PBXVariantGroup;
			children = (
				3F9571871F0508D600C80AE3 /* Base */,
			);
			name = LaunchScreen.storyboard;
			sourceTree = "<group>";
		};
/* End PBXVariantGroup section */

/* Begin XCBuildConfiguration section */
		3F95718A1F0508D600C80AE3 /* Debug */ = {
			isa = XCBuildConfiguration;
			buildSettings = {
				ALWAYS_SEARCH_USER_PATHS = NO;
				CLANG_ANALYZER_NONNULL = YES;
				CLANG_ANALYZER_NUMBER_OBJECT_CONVERSION = YES_AGGRESSIVE;
				CLANG_CXX_LANGUAGE_STANDARD = "gnu++0x";
				CLANG_CXX_LIBRARY = "libc++";
				CLANG_ENABLE_MODULES = YES;
				CLANG_ENABLE_OBJC_ARC = YES;
				CLANG_WARN_BOOL_CONVERSION = YES;
				CLANG_WARN_CONSTANT_CONVERSION = YES;
				CLANG_WARN_DIRECT_OBJC_ISA_USAGE = YES_ERROR;
				CLANG_WARN_DOCUMENTATION_COMMENTS = YES;
				CLANG_WARN_EMPTY_BODY = YES;
				CLANG_WARN_ENUM_CONVERSION = YES;
				CLANG_WARN_INFINITE_RECURSION = YES;
				CLANG_WARN_INT_CONVERSION = YES;
				CLANG_WARN_OBJC_ROOT_CLASS = YES_ERROR;
				CLANG_WARN_SUSPICIOUS_MOVE = YES;
				CLANG_WARN_UNREACHABLE_CODE = YES;
				CLANG_WARN__DUPLICATE_METHOD_MATCH = YES;
				"CODE_SIGN_IDENTITY[sdk=iphoneos*]" = "iPhone Developer";
				COPY_PHASE_STRIP = NO;
				DEBUG_INFORMATION_FORMAT = dwarf;
				ENABLE_STRICT_OBJC_MSGSEND = YES;
				ENABLE_TESTABILITY = YES;
				GCC_C_LANGUAGE_STANDARD = gnu99;
				GCC_DYNAMIC_NO_PIC = NO;
				GCC_NO_COMMON_BLOCKS = YES;
				GCC_OPTIMIZATION_LEVEL = 0;
				GCC_PREPROCESSOR_DEFINITIONS = (
					"DEBUG=1",
					"$(inherited)",
				);
				GCC_WARN_64_TO_32_BIT_CONVERSION = YES;
				GCC_WARN_ABOUT_RETURN_TYPE = YES_ERROR;
				GCC_WARN_UNDECLARED_SELECTOR = YES;
				GCC_WARN_UNINITIALIZED_AUTOS = YES_AGGRESSIVE;
				GCC_WARN_UNUSED_FUNCTION = YES;
				GCC_WARN_UNUSED_VARIABLE = YES;
				IPHONEOS_DEPLOYMENT_TARGET = 10.3;
				MTL_ENABLE_DEBUG_INFO = YES;
				ONLY_ACTIVE_ARCH = YES;
				SDKROOT = iphoneos;
				SWIFT_ACTIVE_COMPILATION_CONDITIONS = DEBUG;
				SWIFT_OPTIMIZATION_LEVEL = "-Onone";
				TARGETED_DEVICE_FAMILY = "1,2";
			};
			name = Debug;
		};
		3F95718B1F0508D600C80AE3 /* Release */ = {
			isa = XCBuildConfiguration;
			buildSettings = {
				ALWAYS_SEARCH_USER_PATHS = NO;
				CLANG_ANALYZER_NONNULL = YES;
				CLANG_ANALYZER_NUMBER_OBJECT_CONVERSION = YES_AGGRESSIVE;
				CLANG_CXX_LANGUAGE_STANDARD = "gnu++0x";
				CLANG_CXX_LIBRARY = "libc++";
				CLANG_ENABLE_MODULES = YES;
				CLANG_ENABLE_OBJC_ARC = YES;
				CLANG_WARN_BOOL_CONVERSION = YES;
				CLANG_WARN_CONSTANT_CONVERSION = YES;
				CLANG_WARN_DIRECT_OBJC_ISA_USAGE = YES_ERROR;
				CLANG_WARN_DOCUMENTATION_COMMENTS = YES;
				CLANG_WARN_EMPTY_BODY = YES;
				CLANG_WARN_ENUM_CONVERSION = YES;
				CLANG_WARN_INFINITE_RECURSION = YES;
				CLANG_WARN_INT_CONVERSION = YES;
				CLANG_WARN_OBJC_ROOT_CLASS = YES_ERROR;
				CLANG_WARN_SUSPICIOUS_MOVE = YES;
				CLANG_WARN_UNREACHABLE_CODE = YES;
				CLANG_WARN__DUPLICATE_METHOD_MATCH = YES;
				"CODE_SIGN_IDENTITY[sdk=iphoneos*]" = "iPhone Developer";
				COPY_PHASE_STRIP = NO;
				DEBUG_INFORMATION_FORMAT = "dwarf-with-dsym";
				ENABLE_NS_ASSERTIONS = NO;
				ENABLE_STRICT_OBJC_MSGSEND = YES;
				GCC_C_LANGUAGE_STANDARD = gnu99;
				GCC_NO_COMMON_BLOCKS = YES;
				GCC_WARN_64_TO_32_BIT_CONVERSION = YES;
				GCC_WARN_ABOUT_RETURN_TYPE = YES_ERROR;
				GCC_WARN_UNDECLARED_SELECTOR = YES;
				GCC_WARN_UNINITIALIZED_AUTOS = YES_AGGRESSIVE;
				GCC_WARN_UNUSED_FUNCTION = YES;
				GCC_WARN_UNUSED_VARIABLE = YES;
				IPHONEOS_DEPLOYMENT_TARGET = 10.3;
				MTL_ENABLE_DEBUG_INFO = NO;
				SDKROOT = iphoneos;
				SWIFT_OPTIMIZATION_LEVEL = "-Owholemodule";
				TARGETED_DEVICE_FAMILY = "1,2";
				VALIDATE_PRODUCT = YES;
			};
			name = Release;
		};
		3F95718D1F0508D600C80AE3 /* Debug */ = {
			isa = XCBuildConfiguration;
			buildSettings = {
				ASSETCATALOG_COMPILER_APPICON_NAME = AppIcon;
				DEVELOPMENT_TEAM = 3BB2NFHQGB;
				INFOPLIST_FILE = CTBottomSlideController/Info.plist;
				LD_RUNPATH_SEARCH_PATHS = "$(inherited) @executable_path/Frameworks";
				PRODUCT_BUNDLE_IDENTIFIER = ge.casatrade.CTBottomSlideController;
				PRODUCT_NAME = "$(TARGET_NAME)";
				SWIFT_VERSION = 3.0;
			};
			name = Debug;
		};
		3F95718E1F0508D600C80AE3 /* Release */ = {
			isa = XCBuildConfiguration;
			buildSettings = {
				ASSETCATALOG_COMPILER_APPICON_NAME = AppIcon;
				DEVELOPMENT_TEAM = 3BB2NFHQGB;
				INFOPLIST_FILE = CTBottomSlideController/Info.plist;
				LD_RUNPATH_SEARCH_PATHS = "$(inherited) @executable_path/Frameworks";
				PRODUCT_BUNDLE_IDENTIFIER = ge.casatrade.CTBottomSlideController;
				PRODUCT_NAME = "$(TARGET_NAME)";
				SWIFT_VERSION = 3.0;
			};
			name = Release;
		};
/* End XCBuildConfiguration section */

/* Begin XCConfigurationList section */
		3F9571751F0508D500C80AE3 /* Build configuration list for PBXProject "CTBottomSlideController" */ = {
			isa = XCConfigurationList;
			buildConfigurations = (
				3F95718A1F0508D600C80AE3 /* Debug */,
				3F95718B1F0508D600C80AE3 /* Release */,
			);
			defaultConfigurationIsVisible = 0;
			defaultConfigurationName = Release;
		};
		3F95718C1F0508D600C80AE3 /* Build configuration list for PBXNativeTarget "CTBottomSlideController" */ = {
			isa = XCConfigurationList;
			buildConfigurations = (
				3F95718D1F0508D600C80AE3 /* Debug */,
				3F95718E1F0508D600C80AE3 /* Release */,
			);
			defaultConfigurationIsVisible = 0;
		};
/* End XCConfigurationList section */
	};
	rootObject = 3F9571721F0508D500C80AE3 /* Project object */;
}
